// !$*UTF8*$!
{
	archiveVersion = 1;
	classes = {
	};
	objectVersion = 56;
	objects = {

/* Begin PBXBuildFile section */
		BE831F422AFBB91A00F3E566 /* Onboarding.storyboard in Resources */ = {isa = PBXBuildFile; fileRef = BE831F412AFBB91A00F3E566 /* Onboarding.storyboard */; };
		BE831F442AFBB92E00F3E566 /* OnboardingViewController.swift in Sources */ = {isa = PBXBuildFile; fileRef = BE831F432AFBB92E00F3E566 /* OnboardingViewController.swift */; };
		BE831F462AFBB93E00F3E566 /* Authentication.storyboard in Resources */ = {isa = PBXBuildFile; fileRef = BE831F452AFBB93E00F3E566 /* Authentication.storyboard */; };
		BE84258C2B150EDF00D8B431 /* UserDefaults.swift in Sources */ = {isa = PBXBuildFile; fileRef = BE84258B2B150EDF00D8B431 /* UserDefaults.swift */; };
		BE84258E2B1518B300D8B431 /* SignUpViewController.swift in Sources */ = {isa = PBXBuildFile; fileRef = BE84258D2B1518B300D8B431 /* SignUpViewController.swift */; };
		BE8425902B15235C00D8B431 /* ForgotPasswordViewController.swift in Sources */ = {isa = PBXBuildFile; fileRef = BE84258F2B15235C00D8B431 /* ForgotPasswordViewController.swift */; };
		BE8425922B15238600D8B431 /* PasswordCodeViewController.swift in Sources */ = {isa = PBXBuildFile; fileRef = BE8425912B15238600D8B431 /* PasswordCodeViewController.swift */; };
		BE8425942B1523EF00D8B431 /* NewPasswordViewController.swift in Sources */ = {isa = PBXBuildFile; fileRef = BE8425932B1523EF00D8B431 /* NewPasswordViewController.swift */; };
		BE8425962B174E8600D8B431 /* GoogleService-Info.plist in Resources */ = {isa = PBXBuildFile; fileRef = BE8425952B174E8600D8B431 /* GoogleService-Info.plist */; };
		BE8425992B174F7100D8B431 /* FirebaseAnalytics in Frameworks */ = {isa = PBXBuildFile; productRef = BE8425982B174F7100D8B431 /* FirebaseAnalytics */; };
		BE84259B2B174F7100D8B431 /* FirebaseAnalyticsOnDeviceConversion in Frameworks */ = {isa = PBXBuildFile; productRef = BE84259A2B174F7100D8B431 /* FirebaseAnalyticsOnDeviceConversion */; };
		BE84259D2B174F7100D8B431 /* FirebaseAnalyticsSwift in Frameworks */ = {isa = PBXBuildFile; productRef = BE84259C2B174F7100D8B431 /* FirebaseAnalyticsSwift */; };
		BE84259F2B174F7100D8B431 /* FirebaseAnalyticsWithoutAdIdSupport in Frameworks */ = {isa = PBXBuildFile; productRef = BE84259E2B174F7100D8B431 /* FirebaseAnalyticsWithoutAdIdSupport */; };
		BE8425A12B174F7100D8B431 /* FirebaseAppCheck in Frameworks */ = {isa = PBXBuildFile; productRef = BE8425A02B174F7100D8B431 /* FirebaseAppCheck */; };
		BE8425A32B174F7100D8B431 /* FirebaseAppDistribution-Beta in Frameworks */ = {isa = PBXBuildFile; productRef = BE8425A22B174F7100D8B431 /* FirebaseAppDistribution-Beta */; };
		BE8425A52B174F7100D8B431 /* FirebaseAuth in Frameworks */ = {isa = PBXBuildFile; productRef = BE8425A42B174F7100D8B431 /* FirebaseAuth */; };
		BE8425A72B174F7100D8B431 /* FirebaseAuthCombine-Community in Frameworks */ = {isa = PBXBuildFile; productRef = BE8425A62B174F7100D8B431 /* FirebaseAuthCombine-Community */; };
		BE8425A92B174F7100D8B431 /* FirebaseCrashlytics in Frameworks */ = {isa = PBXBuildFile; productRef = BE8425A82B174F7100D8B431 /* FirebaseCrashlytics */; };
		BE8425AB2B174F7100D8B431 /* FirebaseDatabase in Frameworks */ = {isa = PBXBuildFile; productRef = BE8425AA2B174F7100D8B431 /* FirebaseDatabase */; };
		BE8425AD2B174F7100D8B431 /* FirebaseDatabaseSwift in Frameworks */ = {isa = PBXBuildFile; productRef = BE8425AC2B174F7100D8B431 /* FirebaseDatabaseSwift */; };
		BE8425AF2B174F7100D8B431 /* FirebaseDynamicLinks in Frameworks */ = {isa = PBXBuildFile; productRef = BE8425AE2B174F7100D8B431 /* FirebaseDynamicLinks */; };
		BE8425B12B174F7100D8B431 /* FirebaseFirestore in Frameworks */ = {isa = PBXBuildFile; productRef = BE8425B02B174F7100D8B431 /* FirebaseFirestore */; };
		BE8425B32B174F7100D8B431 /* FirebaseFirestoreCombine-Community in Frameworks */ = {isa = PBXBuildFile; productRef = BE8425B22B174F7100D8B431 /* FirebaseFirestoreCombine-Community */; };
		BE8425B52B174F7100D8B431 /* FirebaseFirestoreSwift in Frameworks */ = {isa = PBXBuildFile; productRef = BE8425B42B174F7100D8B431 /* FirebaseFirestoreSwift */; };
		BE8425B72B174F7100D8B431 /* FirebaseFunctions in Frameworks */ = {isa = PBXBuildFile; productRef = BE8425B62B174F7100D8B431 /* FirebaseFunctions */; };
		BE8425B92B174F7100D8B431 /* FirebaseFunctionsCombine-Community in Frameworks */ = {isa = PBXBuildFile; productRef = BE8425B82B174F7100D8B431 /* FirebaseFunctionsCombine-Community */; };
		BE8425BB2B174F7100D8B431 /* FirebaseInAppMessaging-Beta in Frameworks */ = {isa = PBXBuildFile; productRef = BE8425BA2B174F7100D8B431 /* FirebaseInAppMessaging-Beta */; };
		BE8425BD2B174F7100D8B431 /* FirebaseInAppMessagingSwift-Beta in Frameworks */ = {isa = PBXBuildFile; productRef = BE8425BC2B174F7100D8B431 /* FirebaseInAppMessagingSwift-Beta */; };
		BE8425BF2B174F7100D8B431 /* FirebaseInstallations in Frameworks */ = {isa = PBXBuildFile; productRef = BE8425BE2B174F7100D8B431 /* FirebaseInstallations */; };
		BE8425C12B174F7100D8B431 /* FirebaseMLModelDownloader in Frameworks */ = {isa = PBXBuildFile; productRef = BE8425C02B174F7100D8B431 /* FirebaseMLModelDownloader */; };
		BE8425C32B174F7100D8B431 /* FirebaseMessaging in Frameworks */ = {isa = PBXBuildFile; productRef = BE8425C22B174F7100D8B431 /* FirebaseMessaging */; };
		BE8425C52B174F7100D8B431 /* FirebasePerformance in Frameworks */ = {isa = PBXBuildFile; productRef = BE8425C42B174F7100D8B431 /* FirebasePerformance */; };
		BE8425C72B174F7100D8B431 /* FirebaseRemoteConfig in Frameworks */ = {isa = PBXBuildFile; productRef = BE8425C62B174F7100D8B431 /* FirebaseRemoteConfig */; };
		BE8425C92B174F7100D8B431 /* FirebaseRemoteConfigSwift in Frameworks */ = {isa = PBXBuildFile; productRef = BE8425C82B174F7100D8B431 /* FirebaseRemoteConfigSwift */; };
		BE8425CB2B174F7100D8B431 /* FirebaseStorage in Frameworks */ = {isa = PBXBuildFile; productRef = BE8425CA2B174F7100D8B431 /* FirebaseStorage */; };
		BE8425CD2B174F7100D8B431 /* FirebaseStorageCombine-Community in Frameworks */ = {isa = PBXBuildFile; productRef = BE8425CC2B174F7100D8B431 /* FirebaseStorageCombine-Community */; };
		BE9F42EA2AFBAADE00406755 /* AppDelegate.swift in Sources */ = {isa = PBXBuildFile; fileRef = BE9F42E92AFBAADE00406755 /* AppDelegate.swift */; };
		BE9F42EC2AFBAADE00406755 /* SceneDelegate.swift in Sources */ = {isa = PBXBuildFile; fileRef = BE9F42EB2AFBAADE00406755 /* SceneDelegate.swift */; };
		BE9F42EE2AFBAADE00406755 /* ViewController.swift in Sources */ = {isa = PBXBuildFile; fileRef = BE9F42ED2AFBAADE00406755 /* ViewController.swift */; };
		BE9F42F12AFBAADE00406755 /* Main.storyboard in Resources */ = {isa = PBXBuildFile; fileRef = BE9F42EF2AFBAADE00406755 /* Main.storyboard */; };
		BE9F42F32AFBAAE000406755 /* Assets.xcassets in Resources */ = {isa = PBXBuildFile; fileRef = BE9F42F22AFBAAE000406755 /* Assets.xcassets */; };
		BE9F42F62AFBAAE000406755 /* LaunchScreen.storyboard in Resources */ = {isa = PBXBuildFile; fileRef = BE9F42F42AFBAAE000406755 /* LaunchScreen.storyboard */; };
		BEEE86102AFCFA240076E557 /* LoginViewController.swift in Sources */ = {isa = PBXBuildFile; fileRef = BEEE860F2AFCFA240076E557 /* LoginViewController.swift */; };
/* End PBXBuildFile section */

/* Begin PBXFileReference section */
		BE831F412AFBB91A00F3E566 /* Onboarding.storyboard */ = {isa = PBXFileReference; lastKnownFileType = file.storyboard; path = Onboarding.storyboard; sourceTree = "<group>"; };
		BE831F432AFBB92E00F3E566 /* OnboardingViewController.swift */ = {isa = PBXFileReference; lastKnownFileType = sourcecode.swift; path = OnboardingViewController.swift; sourceTree = "<group>"; };
		BE831F452AFBB93E00F3E566 /* Authentication.storyboard */ = {isa = PBXFileReference; lastKnownFileType = file.storyboard; path = Authentication.storyboard; sourceTree = "<group>"; };
		BE84258B2B150EDF00D8B431 /* UserDefaults.swift */ = {isa = PBXFileReference; lastKnownFileType = sourcecode.swift; path = UserDefaults.swift; sourceTree = "<group>"; };
		BE84258D2B1518B300D8B431 /* SignUpViewController.swift */ = {isa = PBXFileReference; lastKnownFileType = sourcecode.swift; path = SignUpViewController.swift; sourceTree = "<group>"; };
		BE84258F2B15235C00D8B431 /* ForgotPasswordViewController.swift */ = {isa = PBXFileReference; lastKnownFileType = sourcecode.swift; path = ForgotPasswordViewController.swift; sourceTree = "<group>"; };
		BE8425912B15238600D8B431 /* PasswordCodeViewController.swift */ = {isa = PBXFileReference; lastKnownFileType = sourcecode.swift; path = PasswordCodeViewController.swift; sourceTree = "<group>"; };
		BE8425932B1523EF00D8B431 /* NewPasswordViewController.swift */ = {isa = PBXFileReference; lastKnownFileType = sourcecode.swift; path = NewPasswordViewController.swift; sourceTree = "<group>"; };
		BE8425952B174E8600D8B431 /* GoogleService-Info.plist */ = {isa = PBXFileReference; fileEncoding = 4; lastKnownFileType = text.plist.xml; path = "GoogleService-Info.plist"; sourceTree = "<group>"; };
		BE9F42E62AFBAADE00406755 /* LinkVantage.app */ = {isa = PBXFileReference; explicitFileType = wrapper.application; includeInIndex = 0; path = LinkVantage.app; sourceTree = BUILT_PRODUCTS_DIR; };
		BE9F42E92AFBAADE00406755 /* AppDelegate.swift */ = {isa = PBXFileReference; lastKnownFileType = sourcecode.swift; path = AppDelegate.swift; sourceTree = "<group>"; };
		BE9F42EB2AFBAADE00406755 /* SceneDelegate.swift */ = {isa = PBXFileReference; lastKnownFileType = sourcecode.swift; path = SceneDelegate.swift; sourceTree = "<group>"; };
		BE9F42ED2AFBAADE00406755 /* ViewController.swift */ = {isa = PBXFileReference; lastKnownFileType = sourcecode.swift; path = ViewController.swift; sourceTree = "<group>"; };
		BE9F42F02AFBAADE00406755 /* Base */ = {isa = PBXFileReference; lastKnownFileType = file.storyboard; name = Base; path = Base.lproj/Main.storyboard; sourceTree = "<group>"; };
		BE9F42F22AFBAAE000406755 /* Assets.xcassets */ = {isa = PBXFileReference; lastKnownFileType = folder.assetcatalog; path = Assets.xcassets; sourceTree = "<group>"; };
		BE9F42F52AFBAAE000406755 /* Base */ = {isa = PBXFileReference; lastKnownFileType = file.storyboard; name = Base; path = Base.lproj/LaunchScreen.storyboard; sourceTree = "<group>"; };
		BE9F42F72AFBAAE000406755 /* Info.plist */ = {isa = PBXFileReference; lastKnownFileType = text.plist.xml; path = Info.plist; sourceTree = "<group>"; };
		BEEE860F2AFCFA240076E557 /* LoginViewController.swift */ = {isa = PBXFileReference; lastKnownFileType = sourcecode.swift; path = LoginViewController.swift; sourceTree = "<group>"; };
/* End PBXFileReference section */

/* Begin PBXFrameworksBuildPhase section */
		BE9F42E32AFBAADE00406755 /* Frameworks */ = {
			isa = PBXFrameworksBuildPhase;
			buildActionMask = 2147483647;
			files = (
				BE8425AB2B174F7100D8B431 /* FirebaseDatabase in Frameworks */,
				BE8425B92B174F7100D8B431 /* FirebaseFunctionsCombine-Community in Frameworks */,
				BE8425B12B174F7100D8B431 /* FirebaseFirestore in Frameworks */,
				BE84259D2B174F7100D8B431 /* FirebaseAnalyticsSwift in Frameworks */,
				BE8425992B174F7100D8B431 /* FirebaseAnalytics in Frameworks */,
				BE84259B2B174F7100D8B431 /* FirebaseAnalyticsOnDeviceConversion in Frameworks */,
				BE8425C12B174F7100D8B431 /* FirebaseMLModelDownloader in Frameworks */,
				BE8425B52B174F7100D8B431 /* FirebaseFirestoreSwift in Frameworks */,
				BE8425A12B174F7100D8B431 /* FirebaseAppCheck in Frameworks */,
				BE84259F2B174F7100D8B431 /* FirebaseAnalyticsWithoutAdIdSupport in Frameworks */,
				BE8425A52B174F7100D8B431 /* FirebaseAuth in Frameworks */,
				BE8425A92B174F7100D8B431 /* FirebaseCrashlytics in Frameworks */,
				BE8425C92B174F7100D8B431 /* FirebaseRemoteConfigSwift in Frameworks */,
				BE8425BB2B174F7100D8B431 /* FirebaseInAppMessaging-Beta in Frameworks */,
				BE8425AD2B174F7100D8B431 /* FirebaseDatabaseSwift in Frameworks */,
				BE8425B72B174F7100D8B431 /* FirebaseFunctions in Frameworks */,
				BE8425CD2B174F7100D8B431 /* FirebaseStorageCombine-Community in Frameworks */,
				BE8425C72B174F7100D8B431 /* FirebaseRemoteConfig in Frameworks */,
				BE8425A32B174F7100D8B431 /* FirebaseAppDistribution-Beta in Frameworks */,
				BE8425A72B174F7100D8B431 /* FirebaseAuthCombine-Community in Frameworks */,
				BE8425C52B174F7100D8B431 /* FirebasePerformance in Frameworks */,
				BE8425BD2B174F7100D8B431 /* FirebaseInAppMessagingSwift-Beta in Frameworks */,
				BE8425CB2B174F7100D8B431 /* FirebaseStorage in Frameworks */,
				BE8425AF2B174F7100D8B431 /* FirebaseDynamicLinks in Frameworks */,
				BE8425B32B174F7100D8B431 /* FirebaseFirestoreCombine-Community in Frameworks */,
				BE8425C32B174F7100D8B431 /* FirebaseMessaging in Frameworks */,
				BE8425BF2B174F7100D8B431 /* FirebaseInstallations in Frameworks */,
			);
			runOnlyForDeploymentPostprocessing = 0;
		};
/* End PBXFrameworksBuildPhase section */

/* Begin PBXGroup section */
		BE831F3D2AFBB8C000F3E566 /* Scenes */ = {
			isa = PBXGroup;
			children = (
				BE9F42EF2AFBAADE00406755 /* Main.storyboard */,
				BE9F42ED2AFBAADE00406755 /* ViewController.swift */,
				BE831F402AFBB8F800F3E566 /* Onboarding */,
				BE831F3F2AFBB8EC00F3E566 /* Authentication */,
			);
			path = Scenes;
			sourceTree = "<group>";
		};
		BE831F3E2AFBB8D600F3E566 /* Extensions */ = {
			isa = PBXGroup;
			children = (
				BE84258B2B150EDF00D8B431 /* UserDefaults.swift */,
			);
			path = Extensions;
			sourceTree = "<group>";
		};
		BE831F3F2AFBB8EC00F3E566 /* Authentication */ = {
			isa = PBXGroup;
			children = (
				BE831F452AFBB93E00F3E566 /* Authentication.storyboard */,
				BE8425932B1523EF00D8B431 /* NewPasswordViewController.swift */,
				BE84258D2B1518B300D8B431 /* SignUpViewController.swift */,
				BE8425912B15238600D8B431 /* PasswordCodeViewController.swift */,
				BE84258F2B15235C00D8B431 /* ForgotPasswordViewController.swift */,
				BEEE860F2AFCFA240076E557 /* LoginViewController.swift */,
			);
			path = Authentication;
			sourceTree = "<group>";
		};
		BE831F402AFBB8F800F3E566 /* Onboarding */ = {
			isa = PBXGroup;
			children = (
				BE831F412AFBB91A00F3E566 /* Onboarding.storyboard */,
				BE831F432AFBB92E00F3E566 /* OnboardingViewController.swift */,
			);
			path = Onboarding;
			sourceTree = "<group>";
		};
		BE9F42DD2AFBAADE00406755 = {
			isa = PBXGroup;
			children = (
				BE9F42E82AFBAADE00406755 /* LinkVantage */,
				BE9F42E72AFBAADE00406755 /* Products */,
			);
			sourceTree = "<group>";
		};
		BE9F42E72AFBAADE00406755 /* Products */ = {
			isa = PBXGroup;
			children = (
				BE9F42E62AFBAADE00406755 /* LinkVantage.app */,
			);
			name = Products;
			sourceTree = "<group>";
		};
		BE9F42E82AFBAADE00406755 /* LinkVantage */ = {
			isa = PBXGroup;
			children = (
				BE9F42E92AFBAADE00406755 /* AppDelegate.swift */,
				BE9F42EB2AFBAADE00406755 /* SceneDelegate.swift */,
				BE831F3D2AFBB8C000F3E566 /* Scenes */,
				BE831F3E2AFBB8D600F3E566 /* Extensions */,
				BE9F42F22AFBAAE000406755 /* Assets.xcassets */,
				BE9F42F42AFBAAE000406755 /* LaunchScreen.storyboard */,
				BE9F42F72AFBAAE000406755 /* Info.plist */,
				BE8425952B174E8600D8B431 /* GoogleService-Info.plist */,
			);
			path = LinkVantage;
			sourceTree = "<group>";
		};
/* End PBXGroup section */

/* Begin PBXNativeTarget section */
		BE9F42E52AFBAADE00406755 /* LinkVantage */ = {
			isa = PBXNativeTarget;
			buildConfigurationList = BE9F42FA2AFBAAE000406755 /* Build configuration list for PBXNativeTarget "LinkVantage" */;
			buildPhases = (
				BE9F42E22AFBAADE00406755 /* Sources */,
				BE9F42E32AFBAADE00406755 /* Frameworks */,
				BE9F42E42AFBAADE00406755 /* Resources */,
			);
			buildRules = (
			);
			dependencies = (
			);
			name = LinkVantage;
			packageProductDependencies = (
				BE8425982B174F7100D8B431 /* FirebaseAnalytics */,
				BE84259A2B174F7100D8B431 /* FirebaseAnalyticsOnDeviceConversion */,
				BE84259C2B174F7100D8B431 /* FirebaseAnalyticsSwift */,
				BE84259E2B174F7100D8B431 /* FirebaseAnalyticsWithoutAdIdSupport */,
				BE8425A02B174F7100D8B431 /* FirebaseAppCheck */,
				BE8425A22B174F7100D8B431 /* FirebaseAppDistribution-Beta */,
				BE8425A42B174F7100D8B431 /* FirebaseAuth */,
				BE8425A62B174F7100D8B431 /* FirebaseAuthCombine-Community */,
				BE8425A82B174F7100D8B431 /* FirebaseCrashlytics */,
				BE8425AA2B174F7100D8B431 /* FirebaseDatabase */,
				BE8425AC2B174F7100D8B431 /* FirebaseDatabaseSwift */,
				BE8425AE2B174F7100D8B431 /* FirebaseDynamicLinks */,
				BE8425B02B174F7100D8B431 /* FirebaseFirestore */,
				BE8425B22B174F7100D8B431 /* FirebaseFirestoreCombine-Community */,
				BE8425B42B174F7100D8B431 /* FirebaseFirestoreSwift */,
				BE8425B62B174F7100D8B431 /* FirebaseFunctions */,
				BE8425B82B174F7100D8B431 /* FirebaseFunctionsCombine-Community */,
				BE8425BA2B174F7100D8B431 /* FirebaseInAppMessaging-Beta */,
				BE8425BC2B174F7100D8B431 /* FirebaseInAppMessagingSwift-Beta */,
				BE8425BE2B174F7100D8B431 /* FirebaseInstallations */,
				BE8425C02B174F7100D8B431 /* FirebaseMLModelDownloader */,
				BE8425C22B174F7100D8B431 /* FirebaseMessaging */,
				BE8425C42B174F7100D8B431 /* FirebasePerformance */,
				BE8425C62B174F7100D8B431 /* FirebaseRemoteConfig */,
				BE8425C82B174F7100D8B431 /* FirebaseRemoteConfigSwift */,
				BE8425CA2B174F7100D8B431 /* FirebaseStorage */,
				BE8425CC2B174F7100D8B431 /* FirebaseStorageCombine-Community */,
			);
			productName = LinkVantage;
			productReference = BE9F42E62AFBAADE00406755 /* LinkVantage.app */;
			productType = "com.apple.product-type.application";
		};
/* End PBXNativeTarget section */

/* Begin PBXProject section */
		BE9F42DE2AFBAADE00406755 /* Project object */ = {
			isa = PBXProject;
			attributes = {
				BuildIndependentTargetsInParallel = 1;
				LastSwiftUpdateCheck = 1500;
				LastUpgradeCheck = 1500;
				TargetAttributes = {
					BE9F42E52AFBAADE00406755 = {
						CreatedOnToolsVersion = 15.0.1;
					};
				};
			};
			buildConfigurationList = BE9F42E12AFBAADE00406755 /* Build configuration list for PBXProject "LinkVantage" */;
			compatibilityVersion = "Xcode 14.0";
			developmentRegion = en;
			hasScannedForEncodings = 0;
			knownRegions = (
				en,
				Base,
			);
			mainGroup = BE9F42DD2AFBAADE00406755;
			packageReferences = (
				BE8425972B174F7100D8B431 /* XCRemoteSwiftPackageReference "firebase-ios-sdk" */,
			);
			productRefGroup = BE9F42E72AFBAADE00406755 /* Products */;
			projectDirPath = "";
			projectRoot = "";
			targets = (
				BE9F42E52AFBAADE00406755 /* LinkVantage */,
			);
		};
/* End PBXProject section */

/* Begin PBXResourcesBuildPhase section */
		BE9F42E42AFBAADE00406755 /* Resources */ = {
			isa = PBXResourcesBuildPhase;
			buildActionMask = 2147483647;
			files = (
				BE9F42F62AFBAAE000406755 /* LaunchScreen.storyboard in Resources */,
				BE9F42F32AFBAAE000406755 /* Assets.xcassets in Resources */,
				BE9F42F12AFBAADE00406755 /* Main.storyboard in Resources */,
				BE831F422AFBB91A00F3E566 /* Onboarding.storyboard in Resources */,
				BE831F462AFBB93E00F3E566 /* Authentication.storyboard in Resources */,
				BE8425962B174E8600D8B431 /* GoogleService-Info.plist in Resources */,
			);
			runOnlyForDeploymentPostprocessing = 0;
		};
/* End PBXResourcesBuildPhase section */

/* Begin PBXSourcesBuildPhase section */
		BE9F42E22AFBAADE00406755 /* Sources */ = {
			isa = PBXSourcesBuildPhase;
			buildActionMask = 2147483647;
			files = (
				BE8425902B15235C00D8B431 /* ForgotPasswordViewController.swift in Sources */,
				BEEE86102AFCFA240076E557 /* LoginViewController.swift in Sources */,
				BE84258E2B1518B300D8B431 /* SignUpViewController.swift in Sources */,
				BE9F42EE2AFBAADE00406755 /* ViewController.swift in Sources */,
				BE84258C2B150EDF00D8B431 /* UserDefaults.swift in Sources */,
				BE9F42EA2AFBAADE00406755 /* AppDelegate.swift in Sources */,
				BE8425922B15238600D8B431 /* PasswordCodeViewController.swift in Sources */,
				BE9F42EC2AFBAADE00406755 /* SceneDelegate.swift in Sources */,
				BE8425942B1523EF00D8B431 /* NewPasswordViewController.swift in Sources */,
				BE831F442AFBB92E00F3E566 /* OnboardingViewController.swift in Sources */,
			);
			runOnlyForDeploymentPostprocessing = 0;
		};
/* End PBXSourcesBuildPhase section */

/* Begin PBXVariantGroup section */
		BE9F42EF2AFBAADE00406755 /* Main.storyboard */ = {
			isa = PBXVariantGroup;
			children = (
				BE9F42F02AFBAADE00406755 /* Base */,
			);
			name = Main.storyboard;
			sourceTree = "<group>";
		};
		BE9F42F42AFBAAE000406755 /* LaunchScreen.storyboard */ = {
			isa = PBXVariantGroup;
			children = (
				BE9F42F52AFBAAE000406755 /* Base */,
			);
			name = LaunchScreen.storyboard;
			sourceTree = "<group>";
		};
/* End PBXVariantGroup section */

/* Begin XCBuildConfiguration section */
		BE9F42F82AFBAAE000406755 /* Debug */ = {
			isa = XCBuildConfiguration;
			buildSettings = {
				ALWAYS_SEARCH_USER_PATHS = NO;
				ASSETCATALOG_COMPILER_GENERATE_SWIFT_ASSET_SYMBOL_EXTENSIONS = YES;
				CLANG_ANALYZER_NONNULL = YES;
				CLANG_ANALYZER_NUMBER_OBJECT_CONVERSION = YES_AGGRESSIVE;
				CLANG_CXX_LANGUAGE_STANDARD = "gnu++20";
				CLANG_ENABLE_MODULES = YES;
				CLANG_ENABLE_OBJC_ARC = YES;
				CLANG_ENABLE_OBJC_WEAK = YES;
				CLANG_WARN_BLOCK_CAPTURE_AUTORELEASING = YES;
				CLANG_WARN_BOOL_CONVERSION = YES;
				CLANG_WARN_COMMA = YES;
				CLANG_WARN_CONSTANT_CONVERSION = YES;
				CLANG_WARN_DEPRECATED_OBJC_IMPLEMENTATIONS = YES;
				CLANG_WARN_DIRECT_OBJC_ISA_USAGE = YES_ERROR;
				CLANG_WARN_DOCUMENTATION_COMMENTS = YES;
				CLANG_WARN_EMPTY_BODY = YES;
				CLANG_WARN_ENUM_CONVERSION = YES;
				CLANG_WARN_INFINITE_RECURSION = YES;
				CLANG_WARN_INT_CONVERSION = YES;
				CLANG_WARN_NON_LITERAL_NULL_CONVERSION = YES;
				CLANG_WARN_OBJC_IMPLICIT_RETAIN_SELF = YES;
				CLANG_WARN_OBJC_LITERAL_CONVERSION = YES;
				CLANG_WARN_OBJC_ROOT_CLASS = YES_ERROR;
				CLANG_WARN_QUOTED_INCLUDE_IN_FRAMEWORK_HEADER = YES;
				CLANG_WARN_RANGE_LOOP_ANALYSIS = YES;
				CLANG_WARN_STRICT_PROTOTYPES = YES;
				CLANG_WARN_SUSPICIOUS_MOVE = YES;
				CLANG_WARN_UNGUARDED_AVAILABILITY = YES_AGGRESSIVE;
				CLANG_WARN_UNREACHABLE_CODE = YES;
				CLANG_WARN__DUPLICATE_METHOD_MATCH = YES;
				COPY_PHASE_STRIP = NO;
				DEBUG_INFORMATION_FORMAT = dwarf;
				ENABLE_STRICT_OBJC_MSGSEND = YES;
				ENABLE_TESTABILITY = YES;
				ENABLE_USER_SCRIPT_SANDBOXING = YES;
				GCC_C_LANGUAGE_STANDARD = gnu17;
				GCC_DYNAMIC_NO_PIC = NO;
				GCC_NO_COMMON_BLOCKS = YES;
				GCC_OPTIMIZATION_LEVEL = 0;
				GCC_PREPROCESSOR_DEFINITIONS = (
					"DEBUG=1",
					"$(inherited)",
				);
				GCC_WARN_64_TO_32_BIT_CONVERSION = YES;
				GCC_WARN_ABOUT_RETURN_TYPE = YES_ERROR;
				GCC_WARN_UNDECLARED_SELECTOR = YES;
				GCC_WARN_UNINITIALIZED_AUTOS = YES_AGGRESSIVE;
				GCC_WARN_UNUSED_FUNCTION = YES;
				GCC_WARN_UNUSED_VARIABLE = YES;
				IPHONEOS_DEPLOYMENT_TARGET = 17.0;
				LOCALIZATION_PREFERS_STRING_CATALOGS = YES;
				MTL_ENABLE_DEBUG_INFO = INCLUDE_SOURCE;
				MTL_FAST_MATH = YES;
				ONLY_ACTIVE_ARCH = YES;
				SDKROOT = iphoneos;
				SWIFT_ACTIVE_COMPILATION_CONDITIONS = "DEBUG $(inherited)";
				SWIFT_OPTIMIZATION_LEVEL = "-Onone";
			};
			name = Debug;
		};
		BE9F42F92AFBAAE000406755 /* Release */ = {
			isa = XCBuildConfiguration;
			buildSettings = {
				ALWAYS_SEARCH_USER_PATHS = NO;
				ASSETCATALOG_COMPILER_GENERATE_SWIFT_ASSET_SYMBOL_EXTENSIONS = YES;
				CLANG_ANALYZER_NONNULL = YES;
				CLANG_ANALYZER_NUMBER_OBJECT_CONVERSION = YES_AGGRESSIVE;
				CLANG_CXX_LANGUAGE_STANDARD = "gnu++20";
				CLANG_ENABLE_MODULES = YES;
				CLANG_ENABLE_OBJC_ARC = YES;
				CLANG_ENABLE_OBJC_WEAK = YES;
				CLANG_WARN_BLOCK_CAPTURE_AUTORELEASING = YES;
				CLANG_WARN_BOOL_CONVERSION = YES;
				CLANG_WARN_COMMA = YES;
				CLANG_WARN_CONSTANT_CONVERSION = YES;
				CLANG_WARN_DEPRECATED_OBJC_IMPLEMENTATIONS = YES;
				CLANG_WARN_DIRECT_OBJC_ISA_USAGE = YES_ERROR;
				CLANG_WARN_DOCUMENTATION_COMMENTS = YES;
				CLANG_WARN_EMPTY_BODY = YES;
				CLANG_WARN_ENUM_CONVERSION = YES;
				CLANG_WARN_INFINITE_RECURSION = YES;
				CLANG_WARN_INT_CONVERSION = YES;
				CLANG_WARN_NON_LITERAL_NULL_CONVERSION = YES;
				CLANG_WARN_OBJC_IMPLICIT_RETAIN_SELF = YES;
				CLANG_WARN_OBJC_LITERAL_CONVERSION = YES;
				CLANG_WARN_OBJC_ROOT_CLASS = YES_ERROR;
				CLANG_WARN_QUOTED_INCLUDE_IN_FRAMEWORK_HEADER = YES;
				CLANG_WARN_RANGE_LOOP_ANALYSIS = YES;
				CLANG_WARN_STRICT_PROTOTYPES = YES;
				CLANG_WARN_SUSPICIOUS_MOVE = YES;
				CLANG_WARN_UNGUARDED_AVAILABILITY = YES_AGGRESSIVE;
				CLANG_WARN_UNREACHABLE_CODE = YES;
				CLANG_WARN__DUPLICATE_METHOD_MATCH = YES;
				COPY_PHASE_STRIP = NO;
				DEBUG_INFORMATION_FORMAT = "dwarf-with-dsym";
				ENABLE_NS_ASSERTIONS = NO;
				ENABLE_STRICT_OBJC_MSGSEND = YES;
				ENABLE_USER_SCRIPT_SANDBOXING = YES;
				GCC_C_LANGUAGE_STANDARD = gnu17;
				GCC_NO_COMMON_BLOCKS = YES;
				GCC_WARN_64_TO_32_BIT_CONVERSION = YES;
				GCC_WARN_ABOUT_RETURN_TYPE = YES_ERROR;
				GCC_WARN_UNDECLARED_SELECTOR = YES;
				GCC_WARN_UNINITIALIZED_AUTOS = YES_AGGRESSIVE;
				GCC_WARN_UNUSED_FUNCTION = YES;
				GCC_WARN_UNUSED_VARIABLE = YES;
				IPHONEOS_DEPLOYMENT_TARGET = 17.0;
				LOCALIZATION_PREFERS_STRING_CATALOGS = YES;
				MTL_ENABLE_DEBUG_INFO = NO;
				MTL_FAST_MATH = YES;
				SDKROOT = iphoneos;
				SWIFT_COMPILATION_MODE = wholemodule;
				VALIDATE_PRODUCT = YES;
			};
			name = Release;
		};
		BE9F42FB2AFBAAE000406755 /* Debug */ = {
			isa = XCBuildConfiguration;
			buildSettings = {
				ASSETCATALOG_COMPILER_APPICON_NAME = AppIcon;
				ASSETCATALOG_COMPILER_GLOBAL_ACCENT_COLOR_NAME = AccentColor;
				CODE_SIGN_STYLE = Automatic;
				CURRENT_PROJECT_VERSION = 1;
				DEVELOPMENT_TEAM = 8TUUX62DVJ;
				GENERATE_INFOPLIST_FILE = YES;
				INFOPLIST_FILE = LinkVantage/Info.plist;
				INFOPLIST_KEY_UIApplicationSupportsIndirectInputEvents = YES;
				INFOPLIST_KEY_UILaunchStoryboardName = LaunchScreen;
				INFOPLIST_KEY_UIMainStoryboardFile = Main;
				INFOPLIST_KEY_UISupportedInterfaceOrientations_iPad = "UIInterfaceOrientationPortrait UIInterfaceOrientationPortraitUpsideDown UIInterfaceOrientationLandscapeLeft UIInterfaceOrientationLandscapeRight";
				INFOPLIST_KEY_UISupportedInterfaceOrientations_iPhone = "UIInterfaceOrientationPortrait UIInterfaceOrientationLandscapeLeft UIInterfaceOrientationLandscapeRight";
				LD_RUNPATH_SEARCH_PATHS = (
					"$(inherited)",
					"@executable_path/Frameworks",
				);
				MARKETING_VERSION = 1.0;
				PRODUCT_BUNDLE_IDENTIFIER = yavuzzrabia.LinkVantage;
				PRODUCT_NAME = "$(TARGET_NAME)";
				SWIFT_EMIT_LOC_STRINGS = YES;
				SWIFT_VERSION = 5.0;
				TARGETED_DEVICE_FAMILY = "1,2";
			};
			name = Debug;
		};
		BE9F42FC2AFBAAE000406755 /* Release */ = {
			isa = XCBuildConfiguration;
			buildSettings = {
				ASSETCATALOG_COMPILER_APPICON_NAME = AppIcon;
				ASSETCATALOG_COMPILER_GLOBAL_ACCENT_COLOR_NAME = AccentColor;
				CODE_SIGN_STYLE = Automatic;
				CURRENT_PROJECT_VERSION = 1;
				DEVELOPMENT_TEAM = 8TUUX62DVJ;
				GENERATE_INFOPLIST_FILE = YES;
				INFOPLIST_FILE = LinkVantage/Info.plist;
				INFOPLIST_KEY_UIApplicationSupportsIndirectInputEvents = YES;
				INFOPLIST_KEY_UILaunchStoryboardName = LaunchScreen;
				INFOPLIST_KEY_UIMainStoryboardFile = Main;
				INFOPLIST_KEY_UISupportedInterfaceOrientations_iPad = "UIInterfaceOrientationPortrait UIInterfaceOrientationPortraitUpsideDown UIInterfaceOrientationLandscapeLeft UIInterfaceOrientationLandscapeRight";
				INFOPLIST_KEY_UISupportedInterfaceOrientations_iPhone = "UIInterfaceOrientationPortrait UIInterfaceOrientationLandscapeLeft UIInterfaceOrientationLandscapeRight";
				LD_RUNPATH_SEARCH_PATHS = (
					"$(inherited)",
					"@executable_path/Frameworks",
				);
				MARKETING_VERSION = 1.0;
				PRODUCT_BUNDLE_IDENTIFIER = yavuzzrabia.LinkVantage;
				PRODUCT_NAME = "$(TARGET_NAME)";
				SWIFT_EMIT_LOC_STRINGS = YES;
				SWIFT_VERSION = 5.0;
				TARGETED_DEVICE_FAMILY = "1,2";
			};
			name = Release;
		};
/* End XCBuildConfiguration section */

/* Begin XCConfigurationList section */
		BE9F42E12AFBAADE00406755 /* Build configuration list for PBXProject "LinkVantage" */ = {
			isa = XCConfigurationList;
			buildConfigurations = (
				BE9F42F82AFBAAE000406755 /* Debug */,
				BE9F42F92AFBAAE000406755 /* Release */,
			);
			defaultConfigurationIsVisible = 0;
			defaultConfigurationName = Release;
		};
		BE9F42FA2AFBAAE000406755 /* Build configuration list for PBXNativeTarget "LinkVantage" */ = {
			isa = XCConfigurationList;
			buildConfigurations = (
				BE9F42FB2AFBAAE000406755 /* Debug */,
				BE9F42FC2AFBAAE000406755 /* Release */,
			);
			defaultConfigurationIsVisible = 0;
			defaultConfigurationName = Release;
		};
/* End XCConfigurationList section */

/* Begin XCRemoteSwiftPackageReference section */
		BE8425972B174F7100D8B431 /* XCRemoteSwiftPackageReference "firebase-ios-sdk" */ = {
			isa = XCRemoteSwiftPackageReference;
			repositoryURL = "https://github.com/firebase/firebase-ios-sdk.git";
			requirement = {
				kind = upToNextMajorVersion;
				minimumVersion = 10.18.0;
			};
		};
/* End XCRemoteSwiftPackageReference section */

/* Begin XCSwiftPackageProductDependency section */
		BE8425982B174F7100D8B431 /* FirebaseAnalytics */ = {
			isa = XCSwiftPackageProductDependency;
			package = BE8425972B174F7100D8B431 /* XCRemoteSwiftPackageReference "firebase-ios-sdk" */;
			productName = FirebaseAnalytics;
		};
		BE84259A2B174F7100D8B431 /* FirebaseAnalyticsOnDeviceConversion */ = {
			isa = XCSwiftPackageProductDependency;
			package = BE8425972B174F7100D8B431 /* XCRemoteSwiftPackageReference "firebase-ios-sdk" */;
			productName = FirebaseAnalyticsOnDeviceConversion;
		};
		BE84259C2B174F7100D8B431 /* FirebaseAnalyticsSwift */ = {
			isa = XCSwiftPackageProductDependency;
			package = BE8425972B174F7100D8B431 /* XCRemoteSwiftPackageReference "firebase-ios-sdk" */;
			productName = FirebaseAnalyticsSwift;
		};
		BE84259E2B174F7100D8B431 /* FirebaseAnalyticsWithoutAdIdSupport */ = {
			isa = XCSwiftPackageProductDependency;
			package = BE8425972B174F7100D8B431 /* XCRemoteSwiftPackageReference "firebase-ios-sdk" */;
			productName = FirebaseAnalyticsWithoutAdIdSupport;
		};
		BE8425A02B174F7100D8B431 /* FirebaseAppCheck */ = {
			isa = XCSwiftPackageProductDependency;
			package = BE8425972B174F7100D8B431 /* XCRemoteSwiftPackageReference "firebase-ios-sdk" */;
			productName = FirebaseAppCheck;
		};
		BE8425A22B174F7100D8B431 /* FirebaseAppDistribution-Beta */ = {
			isa = XCSwiftPackageProductDependency;
			package = BE8425972B174F7100D8B431 /* XCRemoteSwiftPackageReference "firebase-ios-sdk" */;
			productName = "FirebaseAppDistribution-Beta";
		};
		BE8425A42B174F7100D8B431 /* FirebaseAuth */ = {
			isa = XCSwiftPackageProductDependency;
			package = BE8425972B174F7100D8B431 /* XCRemoteSwiftPackageReference "firebase-ios-sdk" */;
			productName = FirebaseAuth;
		};
		BE8425A62B174F7100D8B431 /* FirebaseAuthCombine-Community */ = {
			isa = XCSwiftPackageProductDependency;
			package = BE8425972B174F7100D8B431 /* XCRemoteSwiftPackageReference "firebase-ios-sdk" */;
			productName = "FirebaseAuthCombine-Community";
		};
		BE8425A82B174F7100D8B431 /* FirebaseCrashlytics */ = {
			isa = XCSwiftPackageProductDependency;
			package = BE8425972B174F7100D8B431 /* XCRemoteSwiftPackageReference "firebase-ios-sdk" */;
			productName = FirebaseCrashlytics;
		};
		BE8425AA2B174F7100D8B431 /* FirebaseDatabase */ = {
			isa = XCSwiftPackageProductDependency;
			package = BE8425972B174F7100D8B431 /* XCRemoteSwiftPackageReference "firebase-ios-sdk" */;
			productName = FirebaseDatabase;
		};
		BE8425AC2B174F7100D8B431 /* FirebaseDatabaseSwift */ = {
			isa = XCSwiftPackageProductDependency;
			package = BE8425972B174F7100D8B431 /* XCRemoteSwiftPackageReference "firebase-ios-sdk" */;
			productName = FirebaseDatabaseSwift;
		};
		BE8425AE2B174F7100D8B431 /* FirebaseDynamicLinks */ = {
			isa = XCSwiftPackageProductDependency;
			package = BE8425972B174F7100D8B431 /* XCRemoteSwiftPackageReference "firebase-ios-sdk" */;
			productName = FirebaseDynamicLinks;
		};
		BE8425B02B174F7100D8B431 /* FirebaseFirestore */ = {
			isa = XCSwiftPackageProductDependency;
			package = BE8425972B174F7100D8B431 /* XCRemoteSwiftPackageReference "firebase-ios-sdk" */;
			productName = FirebaseFirestore;
		};
		BE8425B22B174F7100D8B431 /* FirebaseFirestoreCombine-Community */ = {
			isa = XCSwiftPackageProductDependency;
			package = BE8425972B174F7100D8B431 /* XCRemoteSwiftPackageReference "firebase-ios-sdk" */;
			productName = "FirebaseFirestoreCombine-Community";
		};
		BE8425B42B174F7100D8B431 /* FirebaseFirestoreSwift */ = {
			isa = XCSwiftPackageProductDependency;
			package = BE8425972B174F7100D8B431 /* XCRemoteSwiftPackageReference "firebase-ios-sdk" */;
			productName = FirebaseFirestoreSwift;
		};
		BE8425B62B174F7100D8B431 /* FirebaseFunctions */ = {
			isa = XCSwiftPackageProductDependency;
			package = BE8425972B174F7100D8B431 /* XCRemoteSwiftPackageReference "firebase-ios-sdk" */;
			productName = FirebaseFunctions;
		};
		BE8425B82B174F7100D8B431 /* FirebaseFunctionsCombine-Community */ = {
			isa = XCSwiftPackageProductDependency;
			package = BE8425972B174F7100D8B431 /* XCRemoteSwiftPackageReference "firebase-ios-sdk" */;
			productName = "FirebaseFunctionsCombine-Community";
		};
		BE8425BA2B174F7100D8B431 /* FirebaseInAppMessaging-Beta */ = {
			isa = XCSwiftPackageProductDependency;
			package = BE8425972B174F7100D8B431 /* XCRemoteSwiftPackageReference "firebase-ios-sdk" */;
			productName = "FirebaseInAppMessaging-Beta";
		};
		BE8425BC2B174F7100D8B431 /* FirebaseInAppMessagingSwift-Beta */ = {
			isa = XCSwiftPackageProductDependency;
			package = BE8425972B174F7100D8B431 /* XCRemoteSwiftPackageReference "firebase-ios-sdk" */;
			productName = "FirebaseInAppMessagingSwift-Beta";
		};
		BE8425BE2B174F7100D8B431 /* FirebaseInstallations */ = {
			isa = XCSwiftPackageProductDependency;
			package = BE8425972B174F7100D8B431 /* XCRemoteSwiftPackageReference "firebase-ios-sdk" */;
			productName = FirebaseInstallations;
		};
		BE8425C02B174F7100D8B431 /* FirebaseMLModelDownloader */ = {
			isa = XCSwiftPackageProductDependency;
			package = BE8425972B174F7100D8B431 /* XCRemoteSwiftPackageReference "firebase-ios-sdk" */;
			productName = FirebaseMLModelDownloader;
		};
		BE8425C22B174F7100D8B431 /* FirebaseMessaging */ = {
			isa = XCSwiftPackageProductDependency;
			package = BE8425972B174F7100D8B431 /* XCRemoteSwiftPackageReference "firebase-ios-sdk" */;
			productName = FirebaseMessaging;
		};
		BE8425C42B174F7100D8B431 /* FirebasePerformance */ = {
			isa = XCSwiftPackageProductDependency;
			package = BE8425972B174F7100D8B431 /* XCRemoteSwiftPackageReference "firebase-ios-sdk" */;
			productName = FirebasePerformance;
		};
		BE8425C62B174F7100D8B431 /* FirebaseRemoteConfig */ = {
			isa = XCSwiftPackageProductDependency;
			package = BE8425972B174F7100D8B431 /* XCRemoteSwiftPackageReference "firebase-ios-sdk" */;
			productName = FirebaseRemoteConfig;
		};
		BE8425C82B174F7100D8B431 /* FirebaseRemoteConfigSwift */ = {
			isa = XCSwiftPackageProductDependency;
			package = BE8425972B174F7100D8B431 /* XCRemoteSwiftPackageReference "firebase-ios-sdk" */;
			productName = FirebaseRemoteConfigSwift;
		};
		BE8425CA2B174F7100D8B431 /* FirebaseStorage */ = {
			isa = XCSwiftPackageProductDependency;
			package = BE8425972B174F7100D8B431 /* XCRemoteSwiftPackageReference "firebase-ios-sdk" */;
			productName = FirebaseStorage;
		};
		BE8425CC2B174F7100D8B431 /* FirebaseStorageCombine-Community */ = {
			isa = XCSwiftPackageProductDependency;
			package = BE8425972B174F7100D8B431 /* XCRemoteSwiftPackageReference "firebase-ios-sdk" */;
			productName = "FirebaseStorageCombine-Community";
		};
/* End XCSwiftPackageProductDependency section */
	};
	rootObject = BE9F42DE2AFBAADE00406755 /* Project object */;
}
